
Microsoft Visual Studio Solution File, Format Version 12.00
# Visual Studio 2012
Project("{FAE04EC0-301F-11D3-BF4B-00C04F79EFBC}") = "kaola.Api.web", "kaola.Api.web\kaola.Api.web.csproj", "{2E9E1058-28FB-42A2-A5E6-3CA7BFC619DD}"
EndProject
Project("{FAE04EC0-301F-11D3-BF4B-00C04F79EFBC}") = "kaola.api.invok", "kaola.api.invok\kaola.api.invok.csproj", "{43759186-6CAD-4DAF-AE80-1D5B3921E6A0}"
EndProject
Global
	GlobalSection(TeamFoundationVersionControl) = preSolution
		SccNumberOfProjects = 3
		SccEnterpriseProvider = {4CA58AB2-18FA-4F8D-95D4-32DDF27D184C}
		SccTeamFoundationServer = http://192.168.1.124:8080/tfs/defaultcollection
		SccLocalPath0 = .
		SccProjectUniqueName1 = kaola.api.invok\\kaola.api.invok.csproj
		SccProjectName1 = kaola.api.invok
		SccLocalPath1 = kaola.api.invok
		SccProjectUniqueName2 = kaola.Api.web\\kaola.Api.web.csproj
		SccProjectName2 = kaola.Api.web
		SccLocalPath2 = kaola.Api.web
	EndGlobalSection
	GlobalSection(SolutionConfigurationPlatforms) = preSolution
		Debug|Any CPU = Debug|Any CPU
		Release|Any CPU = Release|Any CPU
	EndGlobalSection
	GlobalSection(ProjectConfigurationPlatforms) = postSolution
		{2E9E1058-28FB-42A2-A5E6-3CA7BFC619DD}.Debug|Any CPU.ActiveCfg = Debug|Any CPU
		{2E9E1058-28FB-42A2-A5E6-3CA7BFC619DD}.Debug|Any CPU.Build.0 = Debug|Any CPU
		{2E9E1058-28FB-42A2-A5E6-3CA7BFC619DD}.Release|Any CPU.ActiveCfg = Release|Any CPU
		{2E9E1058-28FB-42A2-A5E6-3CA7BFC619DD}.Release|Any CPU.Build.0 = Release|Any CPU
		{43759186-6CAD-4DAF-AE80-1D5B3921E6A0}.Debug|Any CPU.ActiveCfg = Debug|Any CPU
		{43759186-6CAD-4DAF-AE80-1D5B3921E6A0}.Debug|Any CPU.Build.0 = Debug|Any CPU
		{43759186-6CAD-4DAF-AE80-1D5B3921E6A0}.Release|Any CPU.ActiveCfg = Release|Any CPU
		{43759186-6CAD-4DAF-AE80-1D5B3921E6A0}.Release|Any CPU.Build.0 = Release|Any CPU
	EndGlobalSection
	GlobalSection(SolutionProperties) = preSolution
		HideSolutionNode = FALSE
	EndGlobalSection
EndGlobal
